// !$*UTF8*$!
{
	archiveVersion = 1;
	classes = {
	};
	objectVersion = 46;
	objects = {

/* Begin PBXBuildFile section */
		06C9CBFBFAE8B08C5BC1B8E5 /* Pods_AccelerometerProtoype.framework in Frameworks */ = {isa = PBXBuildFile; fileRef = 874AAE2B0B5094733CAA81FD /* Pods_AccelerometerProtoype.framework */; };
		EC16CBE11FA0D603002E6070 /* shakeHarder.mp3 in Resources */ = {isa = PBXBuildFile; fileRef = EC16CBDA1FA0D602002E6070 /* shakeHarder.mp3 */; };
		EC16CBE21FA0D603002E6070 /* goodJob.mp3 in Resources */ = {isa = PBXBuildFile; fileRef = EC16CBDB1FA0D602002E6070 /* goodJob.mp3 */; };
		EC16CBE31FA0D603002E6070 /* thatsIt.mp3 in Resources */ = {isa = PBXBuildFile; fileRef = EC16CBDC1FA0D602002E6070 /* thatsIt.mp3 */; };
		EC16CBE41FA0D603002E6070 /* finished.mp3 in Resources */ = {isa = PBXBuildFile; fileRef = EC16CBDD1FA0D603002E6070 /* finished.mp3 */; };
		EC16CBE51FA0D603002E6070 /* ok.mp3 in Resources */ = {isa = PBXBuildFile; fileRef = EC16CBDE1FA0D603002E6070 /* ok.mp3 */; };
		EC16CBE61FA0D603002E6070 /* youCanDoBetter.mp3 in Resources */ = {isa = PBXBuildFile; fileRef = EC16CBDF1FA0D603002E6070 /* youCanDoBetter.mp3 */; };
		EC16CBE71FA0D603002E6070 /* shakeFaster.mp3 in Resources */ = {isa = PBXBuildFile; fileRef = EC16CBE01FA0D603002E6070 /* shakeFaster.mp3 */; };
		EC2320631F9D01B200196B43 /* SoundManager.swift in Sources */ = {isa = PBXBuildFile; fileRef = EC2320621F9D01B200196B43 /* SoundManager.swift */; };
		EC2703851FA7A913005ACDB5 /* thatsGood.mp3 in Resources */ = {isa = PBXBuildFile; fileRef = EC2703831FA7A912005ACDB5 /* thatsGood.mp3 */; };
		EC2703861FA7A913005ACDB5 /* great.mp3 in Resources */ = {isa = PBXBuildFile; fileRef = EC2703841FA7A912005ACDB5 /* great.mp3 */; };
		EC2703891FA7AC9F005ACDB5 /* starting.mp3 in Resources */ = {isa = PBXBuildFile; fileRef = EC2703871FA7AC9E005ACDB5 /* starting.mp3 */; };
		EC27038A1FA7AC9F005ACDB5 /* stopped.mp3 in Resources */ = {isa = PBXBuildFile; fileRef = EC2703881FA7AC9F005ACDB5 /* stopped.mp3 */; };
		EC54C34C1F6B495100C74C54 /* AppDelegate.swift in Sources */ = {isa = PBXBuildFile; fileRef = EC54C34B1F6B495100C74C54 /* AppDelegate.swift */; };
		EC54C34E1F6B495100C74C54 /* ViewController.swift in Sources */ = {isa = PBXBuildFile; fileRef = EC54C34D1F6B495100C74C54 /* ViewController.swift */; };
		EC54C3511F6B495100C74C54 /* Main.storyboard in Resources */ = {isa = PBXBuildFile; fileRef = EC54C34F1F6B495100C74C54 /* Main.storyboard */; };
		EC54C3531F6B495100C74C54 /* Assets.xcassets in Resources */ = {isa = PBXBuildFile; fileRef = EC54C3521F6B495100C74C54 /* Assets.xcassets */; };
		EC54C3561F6B495100C74C54 /* LaunchScreen.storyboard in Resources */ = {isa = PBXBuildFile; fileRef = EC54C3541F6B495100C74C54 /* LaunchScreen.storyboard */; };
/* End PBXBuildFile section */

/* Begin PBXFileReference section */
		01082735DA460F0D6CFC814B /* Pods-AccelerometerProtoype.debug.xcconfig */ = {isa = PBXFileReference; includeInIndex = 1; lastKnownFileType = text.xcconfig; name = "Pods-AccelerometerProtoype.debug.xcconfig"; path = "Pods/Target Support Files/Pods-AccelerometerProtoype/Pods-AccelerometerProtoype.debug.xcconfig"; sourceTree = "<group>"; };
		4167F36F44FF669126F60EA3 /* Pods-AccelerometerProtoype.release.xcconfig */ = {isa = PBXFileReference; includeInIndex = 1; lastKnownFileType = text.xcconfig; name = "Pods-AccelerometerProtoype.release.xcconfig"; path = "Pods/Target Support Files/Pods-AccelerometerProtoype/Pods-AccelerometerProtoype.release.xcconfig"; sourceTree = "<group>"; };
		874AAE2B0B5094733CAA81FD /* Pods_AccelerometerProtoype.framework */ = {isa = PBXFileReference; explicitFileType = wrapper.framework; includeInIndex = 0; path = Pods_AccelerometerProtoype.framework; sourceTree = BUILT_PRODUCTS_DIR; };
		EC16CBDA1FA0D602002E6070 /* shakeHarder.mp3 */ = {isa = PBXFileReference; lastKnownFileType = audio.mp3; name = shakeHarder.mp3; path = AccelerometerProtoype/shakeHarder.mp3; sourceTree = SOURCE_ROOT; };
		EC16CBDB1FA0D602002E6070 /* goodJob.mp3 */ = {isa = PBXFileReference; lastKnownFileType = audio.mp3; name = goodJob.mp3; path = AccelerometerProtoype/goodJob.mp3; sourceTree = SOURCE_ROOT; };
		EC16CBDC1FA0D602002E6070 /* thatsIt.mp3 */ = {isa = PBXFileReference; lastKnownFileType = audio.mp3; name = thatsIt.mp3; path = AccelerometerProtoype/thatsIt.mp3; sourceTree = SOURCE_ROOT; };
		EC16CBDD1FA0D603002E6070 /* finished.mp3 */ = {isa = PBXFileReference; lastKnownFileType = audio.mp3; name = finished.mp3; path = AccelerometerProtoype/finished.mp3; sourceTree = SOURCE_ROOT; };
		EC16CBDE1FA0D603002E6070 /* ok.mp3 */ = {isa = PBXFileReference; lastKnownFileType = audio.mp3; name = ok.mp3; path = AccelerometerProtoype/ok.mp3; sourceTree = SOURCE_ROOT; };
		EC16CBDF1FA0D603002E6070 /* youCanDoBetter.mp3 */ = {isa = PBXFileReference; lastKnownFileType = audio.mp3; name = youCanDoBetter.mp3; path = AccelerometerProtoype/youCanDoBetter.mp3; sourceTree = SOURCE_ROOT; };
		EC16CBE01FA0D603002E6070 /* shakeFaster.mp3 */ = {isa = PBXFileReference; lastKnownFileType = audio.mp3; name = shakeFaster.mp3; path = AccelerometerProtoype/shakeFaster.mp3; sourceTree = SOURCE_ROOT; };
		EC2320621F9D01B200196B43 /* SoundManager.swift */ = {isa = PBXFileReference; lastKnownFileType = sourcecode.swift; path = SoundManager.swift; sourceTree = "<group>"; };
		EC2703831FA7A912005ACDB5 /* thatsGood.mp3 */ = {isa = PBXFileReference; lastKnownFileType = audio.mp3; name = thatsGood.mp3; path = AccelerometerProtoype/thatsGood.mp3; sourceTree = SOURCE_ROOT; };
		EC2703841FA7A912005ACDB5 /* great.mp3 */ = {isa = PBXFileReference; lastKnownFileType = audio.mp3; name = great.mp3; path = AccelerometerProtoype/great.mp3; sourceTree = SOURCE_ROOT; };
		EC2703871FA7AC9E005ACDB5 /* starting.mp3 */ = {isa = PBXFileReference; lastKnownFileType = audio.mp3; name = starting.mp3; path = AccelerometerProtoype/starting.mp3; sourceTree = SOURCE_ROOT; };
		EC2703881FA7AC9F005ACDB5 /* stopped.mp3 */ = {isa = PBXFileReference; lastKnownFileType = audio.mp3; name = stopped.mp3; path = AccelerometerProtoype/stopped.mp3; sourceTree = SOURCE_ROOT; };
		EC54C3481F6B495100C74C54 /* AccelerometerProtoype.app */ = {isa = PBXFileReference; explicitFileType = wrapper.application; includeInIndex = 0; path = AccelerometerProtoype.app; sourceTree = BUILT_PRODUCTS_DIR; };
		EC54C34B1F6B495100C74C54 /* AppDelegate.swift */ = {isa = PBXFileReference; lastKnownFileType = sourcecode.swift; path = AppDelegate.swift; sourceTree = "<group>"; };
		EC54C34D1F6B495100C74C54 /* ViewController.swift */ = {isa = PBXFileReference; lastKnownFileType = sourcecode.swift; path = ViewController.swift; sourceTree = "<group>"; };
		EC54C3501F6B495100C74C54 /* Base */ = {isa = PBXFileReference; lastKnownFileType = file.storyboard; name = Base; path = Base.lproj/Main.storyboard; sourceTree = "<group>"; };
		EC54C3521F6B495100C74C54 /* Assets.xcassets */ = {isa = PBXFileReference; lastKnownFileType = folder.assetcatalog; path = Assets.xcassets; sourceTree = "<group>"; };
		EC54C3551F6B495100C74C54 /* Base */ = {isa = PBXFileReference; lastKnownFileType = file.storyboard; name = Base; path = Base.lproj/LaunchScreen.storyboard; sourceTree = "<group>"; };
		EC54C3571F6B495100C74C54 /* Info.plist */ = {isa = PBXFileReference; lastKnownFileType = text.plist.xml; path = Info.plist; sourceTree = "<group>"; };
/* End PBXFileReference section */

/* Begin PBXFrameworksBuildPhase section */
		EC54C3451F6B495100C74C54 /* Frameworks */ = {
			isa = PBXFrameworksBuildPhase;
			buildActionMask = 2147483647;
			files = (
				06C9CBFBFAE8B08C5BC1B8E5 /* Pods_AccelerometerProtoype.framework in Frameworks */,
			);
			runOnlyForDeploymentPostprocessing = 0;
		};
/* End PBXFrameworksBuildPhase section */

/* Begin PBXGroup section */
		219B440ACCECCDF05DCDC801 /* Frameworks */ = {
			isa = PBXGroup;
			children = (
				874AAE2B0B5094733CAA81FD /* Pods_AccelerometerProtoype.framework */,
			);
			name = Frameworks;
			sourceTree = "<group>";
		};
		B5C8714B08234D54B49A05EB /* Pods */ = {
			isa = PBXGroup;
			children = (
				01082735DA460F0D6CFC814B /* Pods-AccelerometerProtoype.debug.xcconfig */,
				4167F36F44FF669126F60EA3 /* Pods-AccelerometerProtoype.release.xcconfig */,
			);
			name = Pods;
			sourceTree = "<group>";
		};
		EC16CBB71FA03C66002E6070 /* SoundFiles */ = {
			isa = PBXGroup;
			children = (
				EC2703871FA7AC9E005ACDB5 /* starting.mp3 */,
				EC2703881FA7AC9F005ACDB5 /* stopped.mp3 */,
				EC2703841FA7A912005ACDB5 /* great.mp3 */,
				EC2703831FA7A912005ACDB5 /* thatsGood.mp3 */,
				EC16CBDD1FA0D603002E6070 /* finished.mp3 */,
				EC16CBDB1FA0D602002E6070 /* goodJob.mp3 */,
				EC16CBDE1FA0D603002E6070 /* ok.mp3 */,
				EC16CBE01FA0D603002E6070 /* shakeFaster.mp3 */,
				EC16CBDA1FA0D602002E6070 /* shakeHarder.mp3 */,
				EC16CBDC1FA0D602002E6070 /* thatsIt.mp3 */,
				EC16CBDF1FA0D603002E6070 /* youCanDoBetter.mp3 */,
			);
			path = SoundFiles;
			sourceTree = "<group>";
		};
		EC54C33F1F6B495100C74C54 = {
			isa = PBXGroup;
			children = (
				EC54C34A1F6B495100C74C54 /* AccelerometerProtoype */,
				EC54C3491F6B495100C74C54 /* Products */,
				B5C8714B08234D54B49A05EB /* Pods */,
				219B440ACCECCDF05DCDC801 /* Frameworks */,
			);
			sourceTree = "<group>";
		};
		EC54C3491F6B495100C74C54 /* Products */ = {
			isa = PBXGroup;
			children = (
				EC54C3481F6B495100C74C54 /* AccelerometerProtoype.app */,
			);
			name = Products;
			sourceTree = "<group>";
		};
		EC54C34A1F6B495100C74C54 /* AccelerometerProtoype */ = {
			isa = PBXGroup;
			children = (
				EC16CBB71FA03C66002E6070 /* SoundFiles */,
				EC54C34B1F6B495100C74C54 /* AppDelegate.swift */,
				EC54C34D1F6B495100C74C54 /* ViewController.swift */,
				EC2320621F9D01B200196B43 /* SoundManager.swift */,
				EC54C34F1F6B495100C74C54 /* Main.storyboard */,
				EC54C3521F6B495100C74C54 /* Assets.xcassets */,
				EC54C3541F6B495100C74C54 /* LaunchScreen.storyboard */,
				EC54C3571F6B495100C74C54 /* Info.plist */,
			);
			path = AccelerometerProtoype;
			sourceTree = "<group>";
		};
/* End PBXGroup section */

/* Begin PBXNativeTarget section */
		EC54C3471F6B495100C74C54 /* AccelerometerProtoype */ = {
			isa = PBXNativeTarget;
			buildConfigurationList = EC54C35A1F6B495100C74C54 /* Build configuration list for PBXNativeTarget "AccelerometerProtoype" */;
			buildPhases = (
				2AB49682CE9DE15058B06FBB /* [CP] Check Pods Manifest.lock */,
				EC54C3441F6B495100C74C54 /* Sources */,
				EC54C3451F6B495100C74C54 /* Frameworks */,
				EC54C3461F6B495100C74C54 /* Resources */,
				43DD22D0EE34C827D82D2B2E /* [CP] Embed Pods Frameworks */,
				6C74F40FDB6CD02DBBE89964 /* [CP] Copy Pods Resources */,
			);
			buildRules = (
			);
			dependencies = (
			);
			name = AccelerometerProtoype;
			productName = AccelerometerProtoype;
			productReference = EC54C3481F6B495100C74C54 /* AccelerometerProtoype.app */;
			productType = "com.apple.product-type.application";
		};
/* End PBXNativeTarget section */

/* Begin PBXProject section */
		EC54C3401F6B495100C74C54 /* Project object */ = {
			isa = PBXProject;
			attributes = {
				LastSwiftUpdateCheck = 0830;
				LastUpgradeCheck = 0900;
				ORGANIZATIONNAME = Matias;
				TargetAttributes = {
					EC54C3471F6B495100C74C54 = {
						CreatedOnToolsVersion = 8.3.3;
						DevelopmentTeam = PT98H6A5CY;
						ProvisioningStyle = Automatic;
					};
				};
			};
			buildConfigurationList = EC54C3431F6B495100C74C54 /* Build configuration list for PBXProject "AccelerometerProtoype" */;
			compatibilityVersion = "Xcode 3.2";
			developmentRegion = English;
			hasScannedForEncodings = 0;
			knownRegions = (
				en,
				Base,
			);
			mainGroup = EC54C33F1F6B495100C74C54;
			productRefGroup = EC54C3491F6B495100C74C54 /* Products */;
			projectDirPath = "";
			projectRoot = "";
			targets = (
				EC54C3471F6B495100C74C54 /* AccelerometerProtoype */,
			);
		};
/* End PBXProject section */

/* Begin PBXResourcesBuildPhase section */
		EC54C3461F6B495100C74C54 /* Resources */ = {
			isa = PBXResourcesBuildPhase;
			buildActionMask = 2147483647;
			files = (
				EC54C3561F6B495100C74C54 /* LaunchScreen.storyboard in Resources */,
				EC16CBE41FA0D603002E6070 /* finished.mp3 in Resources */,
				EC54C3531F6B495100C74C54 /* Assets.xcassets in Resources */,
				EC16CBE61FA0D603002E6070 /* youCanDoBetter.mp3 in Resources */,
				EC16CBE21FA0D603002E6070 /* goodJob.mp3 in Resources */,
				EC54C3511F6B495100C74C54 /* Main.storyboard in Resources */,
				EC2703861FA7A913005ACDB5 /* great.mp3 in Resources */,
				EC2703851FA7A913005ACDB5 /* thatsGood.mp3 in Resources */,
				EC16CBE31FA0D603002E6070 /* thatsIt.mp3 in Resources */,
				EC2703891FA7AC9F005ACDB5 /* starting.mp3 in Resources */,
				EC16CBE51FA0D603002E6070 /* ok.mp3 in Resources */,
				EC16CBE71FA0D603002E6070 /* shakeFaster.mp3 in Resources */,
				EC27038A1FA7AC9F005ACDB5 /* stopped.mp3 in Resources */,
				EC16CBE11FA0D603002E6070 /* shakeHarder.mp3 in Resources */,
			);
			runOnlyForDeploymentPostprocessing = 0;
		};
/* End PBXResourcesBuildPhase section */

/* Begin PBXShellScriptBuildPhase section */
		2AB49682CE9DE15058B06FBB /* [CP] Check Pods Manifest.lock */ = {
			isa = PBXShellScriptBuildPhase;
			buildActionMask = 2147483647;
			files = (
			);
			inputPaths = (
				"${PODS_PODFILE_DIR_PATH}/Podfile.lock",
				"${PODS_ROOT}/Manifest.lock",
			);
			name = "[CP] Check Pods Manifest.lock";
			outputPaths = (
				"$(DERIVED_FILE_DIR)/Pods-AccelerometerProtoype-checkManifestLockResult.txt",
			);
			runOnlyForDeploymentPostprocessing = 0;
			shellPath = /bin/sh;
			shellScript = "diff \"${PODS_PODFILE_DIR_PATH}/Podfile.lock\" \"${PODS_ROOT}/Manifest.lock\" > /dev/null\nif [ $? != 0 ] ; then\n    # print error to STDERR\n    echo \"error: The sandbox is not in sync with the Podfile.lock. Run 'pod install' or update your CocoaPods installation.\" >&2\n    exit 1\nfi\n# This output is used by Xcode 'outputs' to avoid re-running this script phase.\necho \"SUCCESS\" > \"${SCRIPT_OUTPUT_FILE_0}\"\n";
			showEnvVarsInLog = 0;
		};
		43DD22D0EE34C827D82D2B2E /* [CP] Embed Pods Frameworks */ = {
			isa = PBXShellScriptBuildPhase;
			buildActionMask = 2147483647;
			files = (
			);
			inputPaths = (
				"${SRCROOT}/Pods/Target Support Files/Pods-AccelerometerProtoype/Pods-AccelerometerProtoype-frameworks.sh",
				"${BUILT_PRODUCTS_DIR}/GradientProgressBar/GradientProgressBar.framework",
				"${BUILT_PRODUCTS_DIR}/IQKeyboardManagerSwift/IQKeyboardManagerSwift.framework",
			);
			name = "[CP] Embed Pods Frameworks";
			outputPaths = (
				"${TARGET_BUILD_DIR}/${FRAMEWORKS_FOLDER_PATH}/GradientProgressBar.framework",
				"${TARGET_BUILD_DIR}/${FRAMEWORKS_FOLDER_PATH}/IQKeyboardManagerSwift.framework",
			);
			runOnlyForDeploymentPostprocessing = 0;
			shellPath = /bin/sh;
			shellScript = "\"${SRCROOT}/Pods/Target Support Files/Pods-AccelerometerProtoype/Pods-AccelerometerProtoype-frameworks.sh\"\n";
			showEnvVarsInLog = 0;
		};
		6C74F40FDB6CD02DBBE89964 /* [CP] Copy Pods Resources */ = {
			isa = PBXShellScriptBuildPhase;
			buildActionMask = 2147483647;
			files = (
			);
			inputPaths = (
			);
			name = "[CP] Copy Pods Resources";
			outputPaths = (
			);
			runOnlyForDeploymentPostprocessing = 0;
			shellPath = /bin/sh;
			shellScript = "\"${SRCROOT}/Pods/Target Support Files/Pods-AccelerometerProtoype/Pods-AccelerometerProtoype-resources.sh\"\n";
			showEnvVarsInLog = 0;
		};
/* End PBXShellScriptBuildPhase section */

/* Begin PBXSourcesBuildPhase section */
		EC54C3441F6B495100C74C54 /* Sources */ = {
			isa = PBXSourcesBuildPhase;
			buildActionMask = 2147483647;
			files = (
				EC54C34E1F6B495100C74C54 /* ViewController.swift in Sources */,
				EC54C34C1F6B495100C74C54 /* AppDelegate.swift in Sources */,
				EC2320631F9D01B200196B43 /* SoundManager.swift in Sources */,
			);
			runOnlyForDeploymentPostprocessing = 0;
		};
/* End PBXSourcesBuildPhase section */

/* Begin PBXVariantGroup section */
		EC54C34F1F6B495100C74C54 /* Main.storyboard */ = {
			isa = PBXVariantGroup;
			children = (
				EC54C3501F6B495100C74C54 /* Base */,
			);
			name = Main.storyboard;
			sourceTree = "<group>";
		};
		EC54C3541F6B495100C74C54 /* LaunchScreen.storyboard */ = {
			isa = PBXVariantGroup;
			children = (
				EC54C3551F6B495100C74C54 /* Base */,
			);
			name = LaunchScreen.storyboard;
			sourceTree = "<group>";
		};
/* End PBXVariantGroup section */

/* Begin XCBuildConfiguration section */
		EC54C3581F6B495100C74C54 /* Debug */ = {
			isa = XCBuildConfiguration;
			buildSettings = {
				ALWAYS_SEARCH_USER_PATHS = NO;
				CLANG_ANALYZER_NONNULL = YES;
				CLANG_ANALYZER_NUMBER_OBJECT_CONVERSION = YES_AGGRESSIVE;
				CLANG_CXX_LANGUAGE_STANDARD = "gnu++0x";
				CLANG_CXX_LIBRARY = "libc++";
				CLANG_ENABLE_MODULES = YES;
				CLANG_ENABLE_OBJC_ARC = YES;
				CLANG_WARN_BLOCK_CAPTURE_AUTORELEASING = YES;
				CLANG_WARN_BOOL_CONVERSION = YES;
				CLANG_WARN_COMMA = YES;
				CLANG_WARN_CONSTANT_CONVERSION = YES;
				CLANG_WARN_DIRECT_OBJC_ISA_USAGE = YES_ERROR;
				CLANG_WARN_DOCUMENTATION_COMMENTS = YES;
				CLANG_WARN_EMPTY_BODY = YES;
				CLANG_WARN_ENUM_CONVERSION = YES;
				CLANG_WARN_INFINITE_RECURSION = YES;
				CLANG_WARN_INT_CONVERSION = YES;
				CLANG_WARN_NON_LITERAL_NULL_CONVERSION = YES;
				CLANG_WARN_OBJC_LITERAL_CONVERSION = YES;
				CLANG_WARN_OBJC_ROOT_CLASS = YES_ERROR;
				CLANG_WARN_RANGE_LOOP_ANALYSIS = YES;
				CLANG_WARN_STRICT_PROTOTYPES = YES;
				CLANG_WARN_SUSPICIOUS_MOVE = YES;
				CLANG_WARN_UNREACHABLE_CODE = YES;
				CLANG_WARN__DUPLICATE_METHOD_MATCH = YES;
				"CODE_SIGN_IDENTITY[sdk=iphoneos*]" = "iPhone Developer";
				COPY_PHASE_STRIP = NO;
				DEBUG_INFORMATION_FORMAT = dwarf;
				ENABLE_STRICT_OBJC_MSGSEND = YES;
				ENABLE_TESTABILITY = YES;
				GCC_C_LANGUAGE_STANDARD = gnu99;
				GCC_DYNAMIC_NO_PIC = NO;
				GCC_NO_COMMON_BLOCKS = YES;
				GCC_OPTIMIZATION_LEVEL = 0;
				GCC_PREPROCESSOR_DEFINITIONS = (
					"DEBUG=1",
					"$(inherited)",
				);
				GCC_WARN_64_TO_32_BIT_CONVERSION = YES;
				GCC_WARN_ABOUT_RETURN_TYPE = YES_ERROR;
				GCC_WARN_UNDECLARED_SELECTOR = YES;
				GCC_WARN_UNINITIALIZED_AUTOS = YES_AGGRESSIVE;
				GCC_WARN_UNUSED_FUNCTION = YES;
				GCC_WARN_UNUSED_VARIABLE = YES;
				IPHONEOS_DEPLOYMENT_TARGET = 10.3;
				MTL_ENABLE_DEBUG_INFO = YES;
				ONLY_ACTIVE_ARCH = YES;
				SDKROOT = iphoneos;
				SWIFT_ACTIVE_COMPILATION_CONDITIONS = DEBUG;
				SWIFT_OPTIMIZATION_LEVEL = "-Onone";
			};
			name = Debug;
		};
		EC54C3591F6B495100C74C54 /* Release */ = {
			isa = XCBuildConfiguration;
			buildSettings = {
				ALWAYS_SEARCH_USER_PATHS = NO;
				CLANG_ANALYZER_NONNULL = YES;
				CLANG_ANALYZER_NUMBER_OBJECT_CONVERSION = YES_AGGRESSIVE;
				CLANG_CXX_LANGUAGE_STANDARD = "gnu++0x";
				CLANG_CXX_LIBRARY = "libc++";
				CLANG_ENABLE_MODULES = YES;
				CLANG_ENABLE_OBJC_ARC = YES;
				CLANG_WARN_BLOCK_CAPTURE_AUTORELEASING = YES;
				CLANG_WARN_BOOL_CONVERSION = YES;
				CLANG_WARN_COMMA = YES;
				CLANG_WARN_CONSTANT_CONVERSION = YES;
				CLANG_WARN_DIRECT_OBJC_ISA_USAGE = YES_ERROR;
				CLANG_WARN_DOCUMENTATION_COMMENTS = YES;
				CLANG_WARN_EMPTY_BODY = YES;
				CLANG_WARN_ENUM_CONVERSION = YES;
				CLANG_WARN_INFINITE_RECURSION = YES;
				CLANG_WARN_INT_CONVERSION = YES;
				CLANG_WARN_NON_LITERAL_NULL_CONVERSION = YES;
				CLANG_WARN_OBJC_LITERAL_CONVERSION = YES;
				CLANG_WARN_OBJC_ROOT_CLASS = YES_ERROR;
				CLANG_WARN_RANGE_LOOP_ANALYSIS = YES;
				CLANG_WARN_STRICT_PROTOTYPES = YES;
				CLANG_WARN_SUSPICIOUS_MOVE = YES;
				CLANG_WARN_UNREACHABLE_CODE = YES;
				CLANG_WARN__DUPLICATE_METHOD_MATCH = YES;
				"CODE_SIGN_IDENTITY[sdk=iphoneos*]" = "iPhone Developer";
				COPY_PHASE_STRIP = NO;
				DEBUG_INFORMATION_FORMAT = "dwarf-with-dsym";
				ENABLE_NS_ASSERTIONS = NO;
				ENABLE_STRICT_OBJC_MSGSEND = YES;
				GCC_C_LANGUAGE_STANDARD = gnu99;
				GCC_NO_COMMON_BLOCKS = YES;
				GCC_WARN_64_TO_32_BIT_CONVERSION = YES;
				GCC_WARN_ABOUT_RETURN_TYPE = YES_ERROR;
				GCC_WARN_UNDECLARED_SELECTOR = YES;
				GCC_WARN_UNINITIALIZED_AUTOS = YES_AGGRESSIVE;
				GCC_WARN_UNUSED_FUNCTION = YES;
				GCC_WARN_UNUSED_VARIABLE = YES;
				IPHONEOS_DEPLOYMENT_TARGET = 10.3;
				MTL_ENABLE_DEBUG_INFO = NO;
				SDKROOT = iphoneos;
				SWIFT_OPTIMIZATION_LEVEL = "-Owholemodule";
				VALIDATE_PRODUCT = YES;
			};
			name = Release;
		};
		EC54C35B1F6B495100C74C54 /* Debug */ = {
			isa = XCBuildConfiguration;
			baseConfigurationReference = 01082735DA460F0D6CFC814B /* Pods-AccelerometerProtoype.debug.xcconfig */;
			buildSettings = {
				ASSETCATALOG_COMPILER_APPICON_NAME = AppIcon;
				DEVELOPMENT_TEAM = PT98H6A5CY;
				INFOPLIST_FILE = AccelerometerProtoype/Info.plist;
				LD_RUNPATH_SEARCH_PATHS = "$(inherited) @executable_path/Frameworks";
				PRODUCT_BUNDLE_IDENTIFIER = com.matiasdim.AccelerometerProtoype;
				PRODUCT_NAME = "$(TARGET_NAME)";
				SWIFT_VERSION = 3.0;
			};
			name = Debug;
		};
		EC54C35C1F6B495100C74C54 /* Release */ = {
			isa = XCBuildConfiguration;
			baseConfigurationReference = 4167F36F44FF669126F60EA3 /* Pods-AccelerometerProtoype.release.xcconfig */;
			buildSettings = {
				ASSETCATALOG_COMPILER_APPICON_NAME = AppIcon;
				DEVELOPMENT_TEAM = PT98H6A5CY;
				INFOPLIST_FILE = AccelerometerProtoype/Info.plist;
				LD_RUNPATH_SEARCH_PATHS = "$(inherited) @executable_path/Frameworks";
				PRODUCT_BUNDLE_IDENTIFIER = com.matiasdim.AccelerometerProtoype;
				PRODUCT_NAME = "$(TARGET_NAME)";
				SWIFT_VERSION = 3.0;
			};
			name = Release;
		};
/* End XCBuildConfiguration section */

/* Begin XCConfigurationList section */
		EC54C3431F6B495100C74C54 /* Build configuration list for PBXProject "AccelerometerProtoype" */ = {
			isa = XCConfigurationList;
			buildConfigurations = (
				EC54C3581F6B495100C74C54 /* Debug */,
				EC54C3591F6B495100C74C54 /* Release */,
			);
			defaultConfigurationIsVisible = 0;
			defaultConfigurationName = Release;
		};
		EC54C35A1F6B495100C74C54 /* Build configuration list for PBXNativeTarget "AccelerometerProtoype" */ = {
			isa = XCConfigurationList;
			buildConfigurations = (
				EC54C35B1F6B495100C74C54 /* Debug */,
				EC54C35C1F6B495100C74C54 /* Release */,
			);
			defaultConfigurationIsVisible = 0;
			defaultConfigurationName = Release;
		};
/* End XCConfigurationList section */
	};
	rootObject = EC54C3401F6B495100C74C54 /* Project object */;
}
