// !$*UTF8*$!
{
	archiveVersion = 1;
	classes = {
	};
	objectVersion = 46;
	objects = {

/* Begin PBXBuildFile section */
		EC54C34C1F6B495100C74C54 /* AppDelegate.swift in Sources */ = {isa = PBXBuildFile; fileRef = EC54C34B1F6B495100C74C54 /* AppDelegate.swift */; };
		EC54C34E1F6B495100C74C54 /* ViewController.swift in Sources */ = {isa = PBXBuildFile; fileRef = EC54C34D1F6B495100C74C54 /* ViewController.swift */; };
		EC54C3511F6B495100C74C54 /* Main.storyboard in Resources */ = {isa = PBXBuildFile; fileRef = EC54C34F1F6B495100C74C54 /* Main.storyboard */; };
		EC54C3531F6B495100C74C54 /* Assets.xcassets in Resources */ = {isa = PBXBuildFile; fileRef = EC54C3521F6B495100C74C54 /* Assets.xcassets */; };
		EC54C3561F6B495100C74C54 /* LaunchScreen.storyboard in Resources */ = {isa = PBXBuildFile; fileRef = EC54C3541F6B495100C74C54 /* LaunchScreen.storyboard */; };
/* End PBXBuildFile section */

/* Begin PBXFileReference section */
		EC54C3481F6B495100C74C54 /* AccelerometerProtoype.app */ = {isa = PBXFileReference; explicitFileType = wrapper.application; includeInIndex = 0; path = AccelerometerProtoype.app; sourceTree = BUILT_PRODUCTS_DIR; };
		EC54C34B1F6B495100C74C54 /* AppDelegate.swift */ = {isa = PBXFileReference; lastKnownFileType = sourcecode.swift; path = AppDelegate.swift; sourceTree = "<group>"; };
		EC54C34D1F6B495100C74C54 /* ViewController.swift */ = {isa = PBXFileReference; lastKnownFileType = sourcecode.swift; path = ViewController.swift; sourceTree = "<group>"; };
		EC54C3501F6B495100C74C54 /* Base */ = {isa = PBXFileReference; lastKnownFileType = file.storyboard; name = Base; path = Base.lproj/Main.storyboard; sourceTree = "<group>"; };
		EC54C3521F6B495100C74C54 /* Assets.xcassets */ = {isa = PBXFileReference; lastKnownFileType = folder.assetcatalog; path = Assets.xcassets; sourceTree = "<group>"; };
		EC54C3551F6B495100C74C54 /* Base */ = {isa = PBXFileReference; lastKnownFileType = file.storyboard; name = Base; path = Base.lproj/LaunchScreen.storyboard; sourceTree = "<group>"; };
		EC54C3571F6B495100C74C54 /* Info.plist */ = {isa = PBXFileReference; lastKnownFileType = text.plist.xml; path = Info.plist; sourceTree = "<group>"; };
/* End PBXFileReference section */

/* Begin PBXFrameworksBuildPhase section */
		EC54C3451F6B495100C74C54 /* Frameworks */ = {
			isa = PBXFrameworksBuildPhase;
			buildActionMask = 2147483647;
			files = (
			);
			runOnlyForDeploymentPostprocessing = 0;
		};
/* End PBXFrameworksBuildPhase section */

/* Begin PBXGroup section */
		EC54C33F1F6B495100C74C54 = {
			isa = PBXGroup;
			children = (
				EC54C34A1F6B495100C74C54 /* AccelerometerProtoype */,
				EC54C3491F6B495100C74C54 /* Products */,
			);
			sourceTree = "<group>";
		};
		EC54C3491F6B495100C74C54 /* Products */ = {
			isa = PBXGroup;
			children = (
				EC54C3481F6B495100C74C54 /* AccelerometerProtoype.app */,
			);
			name = Products;
			sourceTree = "<group>";
		};
		EC54C34A1F6B495100C74C54 /* AccelerometerProtoype */ = {
			isa = PBXGroup;
			children = (
				EC54C34B1F6B495100C74C54 /* AppDelegate.swift */,
				EC54C34D1F6B495100C74C54 /* ViewController.swift */,
				EC54C34F1F6B495100C74C54 /* Main.storyboard */,
				EC54C3521F6B495100C74C54 /* Assets.xcassets */,
				EC54C3541F6B495100C74C54 /* LaunchScreen.storyboard */,
				EC54C3571F6B495100C74C54 /* Info.plist */,
			);
			path = AccelerometerProtoype;
			sourceTree = "<group>";
		};
/* End PBXGroup section */

/* Begin PBXNativeTarget section */
		EC54C3471F6B495100C74C54 /* AccelerometerProtoype */ = {
			isa = PBXNativeTarget;
			buildConfigurationList = EC54C35A1F6B495100C74C54 /* Build configuration list for PBXNativeTarget "AccelerometerProtoype" */;
			buildPhases = (
				EC54C3441F6B495100C74C54 /* Sources */,
				EC54C3451F6B495100C74C54 /* Frameworks */,
				EC54C3461F6B495100C74C54 /* Resources */,
			);
			buildRules = (
			);
			dependencies = (
			);
			name = AccelerometerProtoype;
			productName = AccelerometerProtoype;
			productReference = EC54C3481F6B495100C74C54 /* AccelerometerProtoype.app */;
			productType = "com.apple.product-type.application";
		};
/* End PBXNativeTarget section */

/* Begin PBXProject section */
		EC54C3401F6B495100C74C54 /* Project object */ = {
			isa = PBXProject;
			attributes = {
				LastSwiftUpdateCheck = 0830;
				LastUpgradeCheck = 0830;
				ORGANIZATIONNAME = Matias;
				TargetAttributes = {
					EC54C3471F6B495100C74C54 = {
						CreatedOnToolsVersion = 8.3.3;
						DevelopmentTeam = PT98H6A5CY;
						ProvisioningStyle = Automatic;
					};
				};
			};
			buildConfigurationList = EC54C3431F6B495100C74C54 /* Build configuration list for PBXProject "AccelerometerProtoype" */;
			compatibilityVersion = "Xcode 3.2";
			developmentRegion = English;
			hasScannedForEncodings = 0;
			knownRegions = (
				en,
				Base,
			);
			mainGroup = EC54C33F1F6B495100C74C54;
			productRefGroup = EC54C3491F6B495100C74C54 /* Products */;
			projectDirPath = "";
			projectRoot = "";
			targets = (
				EC54C3471F6B495100C74C54 /* AccelerometerProtoype */,
			);
		};
/* End PBXProject section */

/* Begin PBXResourcesBuildPhase section */
		EC54C3461F6B495100C74C54 /* Resources */ = {
			isa = PBXResourcesBuildPhase;
			buildActionMask = 2147483647;
			files = (
				EC54C3561F6B495100C74C54 /* LaunchScreen.storyboard in Resources */,
				EC54C3531F6B495100C74C54 /* Assets.xcassets in Resources */,
				EC54C3511F6B495100C74C54 /* Main.storyboard in Resources */,
			);
			runOnlyForDeploymentPostprocessing = 0;
		};
/* End PBXResourcesBuildPhase section */

/* Begin PBXSourcesBuildPhase section */
		EC54C3441F6B495100C74C54 /* Sources */ = {
			isa = PBXSourcesBuildPhase;
			buildActionMask = 2147483647;
			files = (
				EC54C34E1F6B495100C74C54 /* ViewController.swift in Sources */,
				EC54C34C1F6B495100C74C54 /* AppDelegate.swift in Sources */,
			);
			runOnlyForDeploymentPostprocessing = 0;
		};
/* End PBXSourcesBuildPhase section */

/* Begin PBXVariantGroup section */
		EC54C34F1F6B495100C74C54 /* Main.storyboard */ = {
			isa = PBXVariantGroup;
			children = (
				EC54C3501F6B495100C74C54 /* Base */,
			);
			name = Main.storyboard;
			sourceTree = "<group>";
		};
		EC54C3541F6B495100C74C54 /* LaunchScreen.storyboard */ = {
			isa = PBXVariantGroup;
			children = (
				EC54C3551F6B495100C74C54 /* Base */,
			);
			name = LaunchScreen.storyboard;
			sourceTree = "<group>";
		};
/* End PBXVariantGroup section */

/* Begin XCBuildConfiguration section */
		EC54C3581F6B495100C74C54 /* Debug */ = {
			isa = XCBuildConfiguration;
			buildSettings = {
				ALWAYS_SEARCH_USER_PATHS = NO;
				CLANG_ANALYZER_NONNULL = YES;
				CLANG_ANALYZER_NUMBER_OBJECT_CONVERSION = YES_AGGRESSIVE;
				CLANG_CXX_LANGUAGE_STANDARD = "gnu++0x";
				CLANG_CXX_LIBRARY = "libc++";
				CLANG_ENABLE_MODULES = YES;
				CLANG_ENABLE_OBJC_ARC = YES;
				CLANG_WARN_BOOL_CONVERSION = YES;
				CLANG_WARN_CONSTANT_CONVERSION = YES;
				CLANG_WARN_DIRECT_OBJC_ISA_USAGE = YES_ERROR;
				CLANG_WARN_DOCUMENTATION_COMMENTS = YES;
				CLANG_WARN_EMPTY_BODY = YES;
				CLANG_WARN_ENUM_CONVERSION = YES;
				CLANG_WARN_INFINITE_RECURSION = YES;
				CLANG_WARN_INT_CONVERSION = YES;
				CLANG_WARN_OBJC_ROOT_CLASS = YES_ERROR;
				CLANG_WARN_SUSPICIOUS_MOVE = YES;
				CLANG_WARN_UNREACHABLE_CODE = YES;
				CLANG_WARN__DUPLICATE_METHOD_MATCH = YES;
				"CODE_SIGN_IDENTITY[sdk=iphoneos*]" = "iPhone Developer";
				COPY_PHASE_STRIP = NO;
				DEBUG_INFORMATION_FORMAT = dwarf;
				ENABLE_STRICT_OBJC_MSGSEND = YES;
				ENABLE_TESTABILITY = YES;
				GCC_C_LANGUAGE_STANDARD = gnu99;
				GCC_DYNAMIC_NO_PIC = NO;
				GCC_NO_COMMON_BLOCKS = YES;
				GCC_OPTIMIZATION_LEVEL = 0;
				GCC_PREPROCESSOR_DEFINITIONS = (
					"DEBUG=1",
					"$(inherited)",
				);
				GCC_WARN_64_TO_32_BIT_CONVERSION = YES;
				GCC_WARN_ABOUT_RETURN_TYPE = YES_ERROR;
				GCC_WARN_UNDECLARED_SELECTOR = YES;
				GCC_WARN_UNINITIALIZED_AUTOS = YES_AGGRESSIVE;
				GCC_WARN_UNUSED_FUNCTION = YES;
				GCC_WARN_UNUSED_VARIABLE = YES;
				IPHONEOS_DEPLOYMENT_TARGET = 10.3;
				MTL_ENABLE_DEBUG_INFO = YES;
				ONLY_ACTIVE_ARCH = YES;
				SDKROOT = iphoneos;
				SWIFT_ACTIVE_COMPILATION_CONDITIONS = DEBUG;
				SWIFT_OPTIMIZATION_LEVEL = "-Onone";
			};
			name = Debug;
		};
		EC54C3591F6B495100C74C54 /* Release */ = {
			isa = XCBuildConfiguration;
			buildSettings = {
				ALWAYS_SEARCH_USER_PATHS = NO;
				CLANG_ANALYZER_NONNULL = YES;
				CLANG_ANALYZER_NUMBER_OBJECT_CONVERSION = YES_AGGRESSIVE;
				CLANG_CXX_LANGUAGE_STANDARD = "gnu++0x";
				CLANG_CXX_LIBRARY = "libc++";
				CLANG_ENABLE_MODULES = YES;
				CLANG_ENABLE_OBJC_ARC = YES;
				CLANG_WARN_BOOL_CONVERSION = YES;
				CLANG_WARN_CONSTANT_CONVERSION = YES;
				CLANG_WARN_DIRECT_OBJC_ISA_USAGE = YES_ERROR;
				CLANG_WARN_DOCUMENTATION_COMMENTS = YES;
				CLANG_WARN_EMPTY_BODY = YES;
				CLANG_WARN_ENUM_CONVERSION = YES;
				CLANG_WARN_INFINITE_RECURSION = YES;
				CLANG_WARN_INT_CONVERSION = YES;
				CLANG_WARN_OBJC_ROOT_CLASS = YES_ERROR;
				CLANG_WARN_SUSPICIOUS_MOVE = YES;
				CLANG_WARN_UNREACHABLE_CODE = YES;
				CLANG_WARN__DUPLICATE_METHOD_MATCH = YES;
				"CODE_SIGN_IDENTITY[sdk=iphoneos*]" = "iPhone Developer";
				COPY_PHASE_STRIP = NO;
				DEBUG_INFORMATION_FORMAT = "dwarf-with-dsym";
				ENABLE_NS_ASSERTIONS = NO;
				ENABLE_STRICT_OBJC_MSGSEND = YES;
				GCC_C_LANGUAGE_STANDARD = gnu99;
				GCC_NO_COMMON_BLOCKS = YES;
				GCC_WARN_64_TO_32_BIT_CONVERSION = YES;
				GCC_WARN_ABOUT_RETURN_TYPE = YES_ERROR;
				GCC_WARN_UNDECLARED_SELECTOR = YES;
				GCC_WARN_UNINITIALIZED_AUTOS = YES_AGGRESSIVE;
				GCC_WARN_UNUSED_FUNCTION = YES;
				GCC_WARN_UNUSED_VARIABLE = YES;
				IPHONEOS_DEPLOYMENT_TARGET = 10.3;
				MTL_ENABLE_DEBUG_INFO = NO;
				SDKROOT = iphoneos;
				SWIFT_OPTIMIZATION_LEVEL = "-Owholemodule";
				VALIDATE_PRODUCT = YES;
			};
			name = Release;
		};
		EC54C35B1F6B495100C74C54 /* Debug */ = {
			isa = XCBuildConfiguration;
			buildSettings = {
				ASSETCATALOG_COMPILER_APPICON_NAME = AppIcon;
				DEVELOPMENT_TEAM = PT98H6A5CY;
				INFOPLIST_FILE = AccelerometerProtoype/Info.plist;
				LD_RUNPATH_SEARCH_PATHS = "$(inherited) @executable_path/Frameworks";
				PRODUCT_BUNDLE_IDENTIFIER = com.matiasdim.AccelerometerProtoype;
				PRODUCT_NAME = "$(TARGET_NAME)";
				SWIFT_VERSION = 3.0;
			};
			name = Debug;
		};
		EC54C35C1F6B495100C74C54 /* Release */ = {
			isa = XCBuildConfiguration;
			buildSettings = {
				ASSETCATALOG_COMPILER_APPICON_NAME = AppIcon;
				DEVELOPMENT_TEAM = PT98H6A5CY;
				INFOPLIST_FILE = AccelerometerProtoype/Info.plist;
				LD_RUNPATH_SEARCH_PATHS = "$(inherited) @executable_path/Frameworks";
				PRODUCT_BUNDLE_IDENTIFIER = com.matiasdim.AccelerometerProtoype;
				PRODUCT_NAME = "$(TARGET_NAME)";
				SWIFT_VERSION = 3.0;
			};
			name = Release;
		};
/* End XCBuildConfiguration section */

/* Begin XCConfigurationList section */
		EC54C3431F6B495100C74C54 /* Build configuration list for PBXProject "AccelerometerProtoype" */ = {
			isa = XCConfigurationList;
			buildConfigurations = (
				EC54C3581F6B495100C74C54 /* Debug */,
				EC54C3591F6B495100C74C54 /* Release */,
			);
			defaultConfigurationIsVisible = 0;
			defaultConfigurationName = Release;
		};
		EC54C35A1F6B495100C74C54 /* Build configuration list for PBXNativeTarget "AccelerometerProtoype" */ = {
			isa = XCConfigurationList;
			buildConfigurations = (
				EC54C35B1F6B495100C74C54 /* Debug */,
				EC54C35C1F6B495100C74C54 /* Release */,
			);
			defaultConfigurationIsVisible = 0;
		};
/* End XCConfigurationList section */
	};
	rootObject = EC54C3401F6B495100C74C54 /* Project object */;
}
